
Microsoft Visual Studio Solution File, Format Version 12.00
# Visual Studio Version 16
VisualStudioVersion = 16.0.29409.12
MinimumVisualStudioVersion = 10.0.40219.1
Project("{FAE04EC0-301F-11D3-BF4B-00C04F79EFBC}") = "ChuckNorrisJokeApp.Android", "ChuckNorrisJokeApp\ChuckNorrisJokeApp.Android\ChuckNorrisJokeApp.Android.csproj", "{D61F1AE0-3506-4B39-9454-64752C69EE49}"
EndProject
Project("{FAE04EC0-301F-11D3-BF4B-00C04F79EFBC}") = "ChuckNorrisJokeApp.iOS", "ChuckNorrisJokeApp\ChuckNorrisJokeApp.iOS\ChuckNorrisJokeApp.iOS.csproj", "{EFF798F2-753C-4D5E-9832-43A4554F3B58}"
EndProject
Project("{9A19103F-16F7-4668-BE54-9A1E7A4F7556}") = "ChuckNorrisJokeApp", "ChuckNorrisJokeApp\ChuckNorrisJokeApp\ChuckNorrisJokeApp.csproj", "{EC754BE7-23B9-4072-8319-2A7AA5C077DE}"
EndProject
Project("{9A19103F-16F7-4668-BE54-9A1E7A4F7556}") = "ChuckNorrisJokesLibrary", "ChuckNorrisJokeApp\ChuckNorrisJokesLibrary\ChuckNorrisJokesLibrary.csproj", "{5BFA4FFD-263F-47D4-9F7D-4F48AB9C5469}"
EndProject
Global
	GlobalSection(SolutionConfigurationPlatforms) = preSolution
		Debug|Any CPU = Debug|Any CPU
		Debug|iPhone = Debug|iPhone
		Debug|iPhoneSimulator = Debug|iPhoneSimulator
		Release|Any CPU = Release|Any CPU
		Release|iPhone = Release|iPhone
		Release|iPhoneSimulator = Release|iPhoneSimulator
	EndGlobalSection
	GlobalSection(ProjectConfigurationPlatforms) = postSolution
		{D61F1AE0-3506-4B39-9454-64752C69EE49}.Debug|Any CPU.ActiveCfg = Debug|Any CPU
		{D61F1AE0-3506-4B39-9454-64752C69EE49}.Debug|Any CPU.Build.0 = Debug|Any CPU
		{D61F1AE0-3506-4B39-9454-64752C69EE49}.Debug|Any CPU.Deploy.0 = Debug|Any CPU
		{D61F1AE0-3506-4B39-9454-64752C69EE49}.Debug|iPhone.ActiveCfg = Debug|Any CPU
		{D61F1AE0-3506-4B39-9454-64752C69EE49}.Debug|iPhone.Build.0 = Debug|Any CPU
		{D61F1AE0-3506-4B39-9454-64752C69EE49}.Debug|iPhone.Deploy.0 = Debug|Any CPU
		{D61F1AE0-3506-4B39-9454-64752C69EE49}.Debug|iPhoneSimulator.ActiveCfg = Debug|Any CPU
		{D61F1AE0-3506-4B39-9454-64752C69EE49}.Debug|iPhoneSimulator.Build.0 = Debug|Any CPU
		{D61F1AE0-3506-4B39-9454-64752C69EE49}.Debug|iPhoneSimulator.Deploy.0 = Debug|Any CPU
		{D61F1AE0-3506-4B39-9454-64752C69EE49}.Release|Any CPU.ActiveCfg = Release|Any CPU
		{D61F1AE0-3506-4B39-9454-64752C69EE49}.Release|Any CPU.Build.0 = Release|Any CPU
		{D61F1AE0-3506-4B39-9454-64752C69EE49}.Release|Any CPU.Deploy.0 = Release|Any CPU
		{D61F1AE0-3506-4B39-9454-64752C69EE49}.Release|iPhone.ActiveCfg = Release|Any CPU
		{D61F1AE0-3506-4B39-9454-64752C69EE49}.Release|iPhone.Build.0 = Release|Any CPU
		{D61F1AE0-3506-4B39-9454-64752C69EE49}.Release|iPhone.Deploy.0 = Release|Any CPU
		{D61F1AE0-3506-4B39-9454-64752C69EE49}.Release|iPhoneSimulator.ActiveCfg = Release|Any CPU
		{D61F1AE0-3506-4B39-9454-64752C69EE49}.Release|iPhoneSimulator.Build.0 = Release|Any CPU
		{D61F1AE0-3506-4B39-9454-64752C69EE49}.Release|iPhoneSimulator.Deploy.0 = Release|Any CPU
		{EFF798F2-753C-4D5E-9832-43A4554F3B58}.Debug|Any CPU.ActiveCfg = Debug|iPhoneSimulator
		{EFF798F2-753C-4D5E-9832-43A4554F3B58}.Debug|Any CPU.Build.0 = Debug|iPhoneSimulator
		{EFF798F2-753C-4D5E-9832-43A4554F3B58}.Debug|Any CPU.Deploy.0 = Debug|iPhoneSimulator
		{EFF798F2-753C-4D5E-9832-43A4554F3B58}.Debug|iPhone.ActiveCfg = Debug|iPhone
		{EFF798F2-753C-4D5E-9832-43A4554F3B58}.Debug|iPhone.Build.0 = Debug|iPhone
		{EFF798F2-753C-4D5E-9832-43A4554F3B58}.Debug|iPhone.Deploy.0 = Debug|iPhone
		{EFF798F2-753C-4D5E-9832-43A4554F3B58}.Debug|iPhoneSimulator.ActiveCfg = Debug|iPhoneSimulator
		{EFF798F2-753C-4D5E-9832-43A4554F3B58}.Debug|iPhoneSimulator.Build.0 = Debug|iPhoneSimulator
		{EFF798F2-753C-4D5E-9832-43A4554F3B58}.Debug|iPhoneSimulator.Deploy.0 = Debug|iPhoneSimulator
		{EFF798F2-753C-4D5E-9832-43A4554F3B58}.Release|Any CPU.ActiveCfg = Release|iPhone
		{EFF798F2-753C-4D5E-9832-43A4554F3B58}.Release|Any CPU.Build.0 = Release|iPhone
		{EFF798F2-753C-4D5E-9832-43A4554F3B58}.Release|Any CPU.Deploy.0 = Release|iPhone
		{EFF798F2-753C-4D5E-9832-43A4554F3B58}.Release|iPhone.ActiveCfg = Release|iPhone
		{EFF798F2-753C-4D5E-9832-43A4554F3B58}.Release|iPhone.Build.0 = Release|iPhone
		{EFF798F2-753C-4D5E-9832-43A4554F3B58}.Release|iPhone.Deploy.0 = Release|iPhone
		{EFF798F2-753C-4D5E-9832-43A4554F3B58}.Release|iPhoneSimulator.ActiveCfg = Release|iPhoneSimulator
		{EFF798F2-753C-4D5E-9832-43A4554F3B58}.Release|iPhoneSimulator.Build.0 = Release|iPhoneSimulator
		{EFF798F2-753C-4D5E-9832-43A4554F3B58}.Release|iPhoneSimulator.Deploy.0 = Release|iPhoneSimulator
		{EC754BE7-23B9-4072-8319-2A7AA5C077DE}.Debug|Any CPU.ActiveCfg = Debug|Any CPU
		{EC754BE7-23B9-4072-8319-2A7AA5C077DE}.Debug|Any CPU.Build.0 = Debug|Any CPU
		{EC754BE7-23B9-4072-8319-2A7AA5C077DE}.Debug|Any CPU.Deploy.0 = Debug|Any CPU
		{EC754BE7-23B9-4072-8319-2A7AA5C077DE}.Debug|iPhone.ActiveCfg = Debug|Any CPU
		{EC754BE7-23B9-4072-8319-2A7AA5C077DE}.Debug|iPhone.Build.0 = Debug|Any CPU
		{EC754BE7-23B9-4072-8319-2A7AA5C077DE}.Debug|iPhone.Deploy.0 = Debug|Any CPU
		{EC754BE7-23B9-4072-8319-2A7AA5C077DE}.Debug|iPhoneSimulator.ActiveCfg = Debug|Any CPU
		{EC754BE7-23B9-4072-8319-2A7AA5C077DE}.Debug|iPhoneSimulator.Build.0 = Debug|Any CPU
		{EC754BE7-23B9-4072-8319-2A7AA5C077DE}.Debug|iPhoneSimulator.Deploy.0 = Debug|Any CPU
		{EC754BE7-23B9-4072-8319-2A7AA5C077DE}.Release|Any CPU.ActiveCfg = Release|Any CPU
		{EC754BE7-23B9-4072-8319-2A7AA5C077DE}.Release|Any CPU.Build.0 = Release|Any CPU
		{EC754BE7-23B9-4072-8319-2A7AA5C077DE}.Release|Any CPU.Deploy.0 = Release|Any CPU
		{EC754BE7-23B9-4072-8319-2A7AA5C077DE}.Release|iPhone.ActiveCfg = Release|Any CPU
		{EC754BE7-23B9-4072-8319-2A7AA5C077DE}.Release|iPhone.Build.0 = Release|Any CPU
		{EC754BE7-23B9-4072-8319-2A7AA5C077DE}.Release|iPhone.Deploy.0 = Release|Any CPU
		{EC754BE7-23B9-4072-8319-2A7AA5C077DE}.Release|iPhoneSimulator.ActiveCfg = Release|Any CPU
		{EC754BE7-23B9-4072-8319-2A7AA5C077DE}.Release|iPhoneSimulator.Build.0 = Release|Any CPU
		{EC754BE7-23B9-4072-8319-2A7AA5C077DE}.Release|iPhoneSimulator.Deploy.0 = Release|Any CPU
		{5BFA4FFD-263F-47D4-9F7D-4F48AB9C5469}.Debug|Any CPU.ActiveCfg = Debug|Any CPU
		{5BFA4FFD-263F-47D4-9F7D-4F48AB9C5469}.Debug|Any CPU.Build.0 = Debug|Any CPU
		{5BFA4FFD-263F-47D4-9F7D-4F48AB9C5469}.Debug|iPhone.ActiveCfg = Debug|Any CPU
		{5BFA4FFD-263F-47D4-9F7D-4F48AB9C5469}.Debug|iPhone.Build.0 = Debug|Any CPU
		{5BFA4FFD-263F-47D4-9F7D-4F48AB9C5469}.Debug|iPhoneSimulator.ActiveCfg = Debug|Any CPU
		{5BFA4FFD-263F-47D4-9F7D-4F48AB9C5469}.Debug|iPhoneSimulator.Build.0 = Debug|Any CPU
		{5BFA4FFD-263F-47D4-9F7D-4F48AB9C5469}.Release|Any CPU.ActiveCfg = Release|Any CPU
		{5BFA4FFD-263F-47D4-9F7D-4F48AB9C5469}.Release|Any CPU.Build.0 = Release|Any CPU
		{5BFA4FFD-263F-47D4-9F7D-4F48AB9C5469}.Release|iPhone.ActiveCfg = Release|Any CPU
		{5BFA4FFD-263F-47D4-9F7D-4F48AB9C5469}.Release|iPhone.Build.0 = Release|Any CPU
		{5BFA4FFD-263F-47D4-9F7D-4F48AB9C5469}.Release|iPhoneSimulator.ActiveCfg = Release|Any CPU
		{5BFA4FFD-263F-47D4-9F7D-4F48AB9C5469}.Release|iPhoneSimulator.Build.0 = Release|Any CPU
	EndGlobalSection
	GlobalSection(SolutionProperties) = preSolution
		HideSolutionNode = FALSE
	EndGlobalSection
	GlobalSection(ExtensibilityGlobals) = postSolution
		SolutionGuid = {594DF38B-FF20-4AEF-8E41-8A7265E12C45}
	EndGlobalSection
EndGlobal
